
Microsoft Visual Studio Solution File, Format Version 12.00
# Visual Studio 15
VisualStudioVersion = 15.0.26730.12
MinimumVisualStudioVersion = 10.0.40219.1
Project("{F184B08F-C81C-45F6-A57F-5ABD9991F28F}") = "PLMS-User", "User_LaboratoryManagement\PLMS-User.vbproj", "{21559A63-203F-4900-9DF6-2F8F91142DA3}"
EndProject
Project("{F184B08F-C81C-45F6-A57F-5ABD9991F28F}") = "PLMS", "..\PLMS-Admin\WindowsApp12\PLMS.vbproj", "{06F2B96E-ED0D-481D-A56A-F6FB56189C40}"
EndProject
Global
	GlobalSection(SolutionConfigurationPlatforms) = preSolution
		Debug|Any CPU = Debug|Any CPU
		Release|Any CPU = Release|Any CPU
	EndGlobalSection
	GlobalSection(ProjectConfigurationPlatforms) = postSolution
		{21559A63-203F-4900-9DF6-2F8F91142DA3}.Debug|Any CPU.ActiveCfg = Debug|Any CPU
		{21559A63-203F-4900-9DF6-2F8F91142DA3}.Debug|Any CPU.Build.0 = Debug|Any CPU
		{21559A63-203F-4900-9DF6-2F8F91142DA3}.Release|Any CPU.ActiveCfg = Release|Any CPU
		{21559A63-203F-4900-9DF6-2F8F91142DA3}.Release|Any CPU.Build.0 = Release|Any CPU
		{06F2B96E-ED0D-481D-A56A-F6FB56189C40}.Debug|Any CPU.ActiveCfg = Debug|Any CPU
		{06F2B96E-ED0D-481D-A56A-F6FB56189C40}.Debug|Any CPU.Build.0 = Debug|Any CPU
		{06F2B96E-ED0D-481D-A56A-F6FB56189C40}.Release|Any CPU.ActiveCfg = Release|Any CPU
		{06F2B96E-ED0D-481D-A56A-F6FB56189C40}.Release|Any CPU.Build.0 = Release|Any CPU
	EndGlobalSection
	GlobalSection(SolutionProperties) = preSolution
		HideSolutionNode = FALSE
	EndGlobalSection
	GlobalSection(ExtensibilityGlobals) = postSolution
		SolutionGuid = {CF676353-972C-4ED8-B47C-A2626A6A29B5}
	EndGlobalSection
EndGlobal
